// !$*UTF8*$!
{
	archiveVersion = 1;
	classes = {
	};
	objectVersion = 48;
	objects = {

/* Begin PBXFileReference section */
		D1672B30200B033700BE43FE /* CMakeLists.txt */ = {isa = PBXFileReference; fileEncoding = 4; lastKnownFileType = text; path = CMakeLists.txt; sourceTree = "<group>"; };
		D1672B31200B033700BE43FE /* main.cpp */ = {isa = PBXFileReference; fileEncoding = 4; lastKnownFileType = sourcecode.cpp.cpp; path = main.cpp; sourceTree = "<group>"; };
		D1672B32200B033700BE43FE /* Common */ = {isa = PBXFileReference; lastKnownFileType = folder; path = Common; sourceTree = "<group>"; };
		D1672B33200B033700BE43FE /* Testing */ = {isa = PBXFileReference; lastKnownFileType = folder; path = Testing; sourceTree = "<group>"; };
		D1672B34200B033700BE43FE /* MyView */ = {isa = PBXFileReference; lastKnownFileType = folder; path = MyView; sourceTree = "<group>"; };
		D1672B35200B033700BE43FE /* Resources */ = {isa = PBXFileReference; lastKnownFileType = folder; path = Resources; sourceTree = "<group>"; };
		D1672B36200B033700BE43FE /* GLFW.vsproj */ = {isa = PBXFileReference; lastKnownFileType = folder; path = GLFW.vsproj; sourceTree = "<group>"; };
		D1672B37200B033700BE43FE /* Shaders */ = {isa = PBXFileReference; lastKnownFileType = folder; path = Shaders; sourceTree = "<group>"; };
		D1672B38200B033700BE43FE /* tags */ = {isa = PBXFileReference; fileEncoding = 4; lastKnownFileType = text; path = tags; sourceTree = "<group>"; };
		D1672B39200B033700BE43FE /* GameLogic */ = {isa = PBXFileReference; lastKnownFileType = folder; path = GameLogic; sourceTree = "<group>"; };
		D1672B3A200B033700BE43FE /* README.md */ = {isa = PBXFileReference; fileEncoding = 4; lastKnownFileType = net.daringfireball.markdown; path = README.md; sourceTree = "<group>"; };
		D1672B3B200B033700BE43FE /* makefile_linux */ = {isa = PBXFileReference; fileEncoding = 4; lastKnownFileType = text; path = makefile_linux; sourceTree = "<group>"; };
		D1672B3C200B033800BE43FE /* GLComponents */ = {isa = PBXFileReference; lastKnownFileType = folder; path = GLComponents; sourceTree = "<group>"; };
		D1672B3D200B033800BE43FE /* makefile */ = {isa = PBXFileReference; fileEncoding = 4; lastKnownFileType = sourcecode.make; path = makefile; sourceTree = "<group>"; };
		D1672B3E200B033800BE43FE /* glew32.dll */ = {isa = PBXFileReference; lastKnownFileType = file; path = glew32.dll; sourceTree = "<group>"; };
		D1AEF1C61FAE081E004D8B62 /* RunApp */ = {isa = PBXFileReference; lastKnownFileType = "compiled.mach-o.executable"; path = RunApp; sourceTree = "<group>"; };
/* End PBXFileReference section */

/* Begin PBXGroup section */
		D1AEF1AF1FAE02CD004D8B62 = {
			isa = PBXGroup;
			children = (
				D1672B30200B033700BE43FE /* CMakeLists.txt */,
				D1672B32200B033700BE43FE /* Common */,
				D1672B39200B033700BE43FE /* GameLogic */,
				D1672B3C200B033800BE43FE /* GLComponents */,
				D1672B3E200B033800BE43FE /* glew32.dll */,
				D1672B36200B033700BE43FE /* GLFW.vsproj */,
				D1672B31200B033700BE43FE /* main.cpp */,
				D1672B3D200B033800BE43FE /* makefile */,
				D1672B3B200B033700BE43FE /* makefile_linux */,
				D1672B34200B033700BE43FE /* MyView */,
				D1672B3A200B033700BE43FE /* README.md */,
				D1672B35200B033700BE43FE /* Resources */,
				D1672B37200B033700BE43FE /* Shaders */,
				D1672B38200B033700BE43FE /* tags */,
				D1672B33200B033700BE43FE /* Testing */,
				D1AEF1C61FAE081E004D8B62 /* RunApp */,
			);
			sourceTree = "<group>";
		};
/* End PBXGroup section */

/* Begin PBXLegacyTarget section */
		D1AEF1B41FAE02CD004D8B62 /* GLFW */ = {
			isa = PBXLegacyTarget;
			buildArgumentsString = "$(ACTION)";
			buildConfigurationList = D1AEF1B71FAE02CD004D8B62 /* Build configuration list for PBXLegacyTarget "GLFW" */;
			buildPhases = (
			);
			buildToolPath = /usr/bin/make;
			buildWorkingDirectory = "";
			dependencies = (
			);
			name = GLFW;
			passBuildSettingsInEnvironment = 1;
			productName = GLFW;
		};
/* End PBXLegacyTarget section */

/* Begin PBXProject section */
		D1AEF1B01FAE02CD004D8B62 /* Project object */ = {
			isa = PBXProject;
			attributes = {
				LastUpgradeCheck = 0910;
				ORGANIZATIONNAME = "Tomii Yuto";
				TargetAttributes = {
					D1AEF1B41FAE02CD004D8B62 = {
						CreatedOnToolsVersion = 9.1;
						ProvisioningStyle = Automatic;
					};
				};
			};
			buildConfigurationList = D1AEF1B31FAE02CD004D8B62 /* Build configuration list for PBXProject "GLFW" */;
			compatibilityVersion = "Xcode 8.0";
			developmentRegion = en;
			hasScannedForEncodings = 0;
			knownRegions = (
				en,
			);
			mainGroup = D1AEF1AF1FAE02CD004D8B62;
			projectDirPath = "";
			projectRoot = "";
			targets = (
				D1AEF1B41FAE02CD004D8B62 /* GLFW */,
			);
		};
/* End PBXProject section */

/* Begin XCBuildConfiguration section */
		D1AEF1B51FAE02CD004D8B62 /* Debug */ = {
			isa = XCBuildConfiguration;
			buildSettings = {
				ALWAYS_SEARCH_USER_PATHS = NO;
				CLANG_ANALYZER_NONNULL = YES;
				CLANG_ANALYZER_NUMBER_OBJECT_CONVERSION = YES_AGGRESSIVE;
				CLANG_CXX_LANGUAGE_STANDARD = "gnu++14";
				CLANG_CXX_LIBRARY = "libc++";
				CLANG_ENABLE_MODULES = YES;
				CLANG_ENABLE_OBJC_ARC = YES;
				CLANG_WARN_BLOCK_CAPTURE_AUTORELEASING = YES;
				CLANG_WARN_BOOL_CONVERSION = YES;
				CLANG_WARN_COMMA = YES;
				CLANG_WARN_CONSTANT_CONVERSION = YES;
				CLANG_WARN_DIRECT_OBJC_ISA_USAGE = YES_ERROR;
				CLANG_WARN_DOCUMENTATION_COMMENTS = YES;
				CLANG_WARN_EMPTY_BODY = YES;
				CLANG_WARN_ENUM_CONVERSION = YES;
				CLANG_WARN_INFINITE_RECURSION = YES;
				CLANG_WARN_INT_CONVERSION = YES;
				CLANG_WARN_NON_LITERAL_NULL_CONVERSION = YES;
				CLANG_WARN_OBJC_LITERAL_CONVERSION = YES;
				CLANG_WARN_OBJC_ROOT_CLASS = YES_ERROR;
				CLANG_WARN_RANGE_LOOP_ANALYSIS = YES;
				CLANG_WARN_STRICT_PROTOTYPES = YES;
				CLANG_WARN_SUSPICIOUS_MOVE = YES;
				CLANG_WARN_UNGUARDED_AVAILABILITY = YES_AGGRESSIVE;
				CLANG_WARN_UNREACHABLE_CODE = YES;
				CLANG_WARN__DUPLICATE_METHOD_MATCH = YES;
				COPY_PHASE_STRIP = NO;
				DEBUG_INFORMATION_FORMAT = dwarf;
				ENABLE_STRICT_OBJC_MSGSEND = YES;
				ENABLE_TESTABILITY = YES;
				GCC_C_LANGUAGE_STANDARD = gnu11;
				GCC_DYNAMIC_NO_PIC = NO;
				GCC_NO_COMMON_BLOCKS = YES;
				GCC_OPTIMIZATION_LEVEL = 0;
				GCC_PREPROCESSOR_DEFINITIONS = (
					"DEBUG=1",
					"$(inherited)",
				);
				GCC_WARN_64_TO_32_BIT_CONVERSION = YES;
				GCC_WARN_ABOUT_RETURN_TYPE = YES_ERROR;
				GCC_WARN_UNDECLARED_SELECTOR = YES;
				GCC_WARN_UNINITIALIZED_AUTOS = YES_AGGRESSIVE;
				GCC_WARN_UNUSED_FUNCTION = YES;
				GCC_WARN_UNUSED_VARIABLE = YES;
				MTL_ENABLE_DEBUG_INFO = YES;
				ONLY_ACTIVE_ARCH = YES;
			};
			name = Debug;
		};
		D1AEF1B61FAE02CD004D8B62 /* Release */ = {
			isa = XCBuildConfiguration;
			buildSettings = {
				ALWAYS_SEARCH_USER_PATHS = NO;
				CLANG_ANALYZER_NONNULL = YES;
				CLANG_ANALYZER_NUMBER_OBJECT_CONVERSION = YES_AGGRESSIVE;
				CLANG_CXX_LANGUAGE_STANDARD = "gnu++14";
				CLANG_CXX_LIBRARY = "libc++";
				CLANG_ENABLE_MODULES = YES;
				CLANG_ENABLE_OBJC_ARC = YES;
				CLANG_WARN_BLOCK_CAPTURE_AUTORELEASING = YES;
				CLANG_WARN_BOOL_CONVERSION = YES;
				CLANG_WARN_COMMA = YES;
				CLANG_WARN_CONSTANT_CONVERSION = YES;
				CLANG_WARN_DIRECT_OBJC_ISA_USAGE = YES_ERROR;
				CLANG_WARN_DOCUMENTATION_COMMENTS = YES;
				CLANG_WARN_EMPTY_BODY = YES;
				CLANG_WARN_ENUM_CONVERSION = YES;
				CLANG_WARN_INFINITE_RECURSION = YES;
				CLANG_WARN_INT_CONVERSION = YES;
				CLANG_WARN_NON_LITERAL_NULL_CONVERSION = YES;
				CLANG_WARN_OBJC_LITERAL_CONVERSION = YES;
				CLANG_WARN_OBJC_ROOT_CLASS = YES_ERROR;
				CLANG_WARN_RANGE_LOOP_ANALYSIS = YES;
				CLANG_WARN_STRICT_PROTOTYPES = YES;
				CLANG_WARN_SUSPICIOUS_MOVE = YES;
				CLANG_WARN_UNGUARDED_AVAILABILITY = YES_AGGRESSIVE;
				CLANG_WARN_UNREACHABLE_CODE = YES;
				CLANG_WARN__DUPLICATE_METHOD_MATCH = YES;
				COPY_PHASE_STRIP = NO;
				DEBUG_INFORMATION_FORMAT = "dwarf-with-dsym";
				ENABLE_NS_ASSERTIONS = NO;
				ENABLE_STRICT_OBJC_MSGSEND = YES;
				GCC_C_LANGUAGE_STANDARD = gnu11;
				GCC_NO_COMMON_BLOCKS = YES;
				GCC_WARN_64_TO_32_BIT_CONVERSION = YES;
				GCC_WARN_ABOUT_RETURN_TYPE = YES_ERROR;
				GCC_WARN_UNDECLARED_SELECTOR = YES;
				GCC_WARN_UNINITIALIZED_AUTOS = YES_AGGRESSIVE;
				GCC_WARN_UNUSED_FUNCTION = YES;
				GCC_WARN_UNUSED_VARIABLE = YES;
				MTL_ENABLE_DEBUG_INFO = NO;
			};
			name = Release;
		};
		D1AEF1B81FAE02CD004D8B62 /* Debug */ = {
			isa = XCBuildConfiguration;
			buildSettings = {
				CODE_SIGN_STYLE = Automatic;
				DEBUGGING_SYMBOLS = YES;
				DEBUG_INFORMATION_FORMAT = dwarf;
				GCC_GENERATE_DEBUGGING_SYMBOLS = YES;
				GCC_OPTIMIZATION_LEVEL = 0;
				OTHER_CFLAGS = "";
				OTHER_LDFLAGS = "";
				PRODUCT_NAME = "$(TARGET_NAME)";
			};
			name = Debug;
		};
		D1AEF1B91FAE02CD004D8B62 /* Release */ = {
			isa = XCBuildConfiguration;
			buildSettings = {
				CODE_SIGN_STYLE = Automatic;
				DEBUG_INFORMATION_FORMAT = "dwarf-with-dsym";
				OTHER_CFLAGS = "";
				OTHER_LDFLAGS = "";
				PRODUCT_NAME = "$(TARGET_NAME)";
			};
			name = Release;
		};
/* End XCBuildConfiguration section */

/* Begin XCConfigurationList section */
		D1AEF1B31FAE02CD004D8B62 /* Build configuration list for PBXProject "GLFW" */ = {
			isa = XCConfigurationList;
			buildConfigurations = (
				D1AEF1B51FAE02CD004D8B62 /* Debug */,
				D1AEF1B61FAE02CD004D8B62 /* Release */,
			);
			defaultConfigurationIsVisible = 0;
			defaultConfigurationName = Release;
		};
		D1AEF1B71FAE02CD004D8B62 /* Build configuration list for PBXLegacyTarget "GLFW" */ = {
			isa = XCConfigurationList;
			buildConfigurations = (
				D1AEF1B81FAE02CD004D8B62 /* Debug */,
				D1AEF1B91FAE02CD004D8B62 /* Release */,
			);
			defaultConfigurationIsVisible = 0;
			defaultConfigurationName = Release;
		};
/* End XCConfigurationList section */
	};
	rootObject = D1AEF1B01FAE02CD004D8B62 /* Project object */;
}
