<?xml version="1.0" encoding="utf-8"?>
<Project ToolsVersion="4.0" xmlns="http://schemas.microsoft.com/developer/msbuild/2003">
  <ItemGroup>
    <Filter Include="ソース ファイル">
      <UniqueIdentifier>{4FC737F1-C7A5-4376-A066-2A32D752A2FF}</UniqueIdentifier>
      <Extensions>cpp;c;cc;cxx;def;odl;idl;hpj;bat;asm;asmx</Extensions>
    </Filter>
    <Filter Include="ヘッダー ファイル">
      <UniqueIdentifier>{93995380-89BD-4b04-88EB-625FBE52EBFB}</UniqueIdentifier>
      <Extensions>h;hh;hpp;hxx;hm;inl;inc;xsd</Extensions>
    </Filter>
    <Filter Include="リソース ファイル">
      <UniqueIdentifier>{67DA6AB6-F800-4c08-8B7A-83BB121AAD01}</UniqueIdentifier>
      <Extensions>rc;ico;cur;bmp;dlg;rc2;rct;bin;rgs;gif;jpg;jpeg;jpe;resx;tiff;tif;png;wav;mfcribbon-ms</Extensions>
    </Filter>
    <Filter Include="ヘッダー ファイル\MyView">
      <UniqueIdentifier>{24bf49ad-5298-4371-a7c0-c0f85548fa85}</UniqueIdentifier>
    </Filter>
    <Filter Include="リソース ファイル\Shaders">
      <UniqueIdentifier>{ab501749-e389-4c1d-91fc-732426bf0325}</UniqueIdentifier>
    </Filter>
    <Filter Include="リソース ファイル\Resources">
      <UniqueIdentifier>{cd8d7d96-42da-4f56-acbf-a96a2de78986}</UniqueIdentifier>
    </Filter>
    <Filter Include="ヘッダー ファイル\GameLogic">
      <UniqueIdentifier>{a3e3016e-de8f-436a-b547-642423230a9a}</UniqueIdentifier>
    </Filter>
  </ItemGroup>
  <ItemGroup>
    <ClInclude Include="..\..\GLBmpLoader.hpp">
      <Filter>ヘッダー ファイル</Filter>
    </ClInclude>
    <ClInclude Include="..\..\GLBuiltInCallback.hpp">
      <Filter>ヘッダー ファイル</Filter>
    </ClInclude>
    <ClInclude Include="..\..\GLShader.hpp">
      <Filter>ヘッダー ファイル</Filter>
    </ClInclude>
    <ClInclude Include="..\..\GLUtils.hpp">
      <Filter>ヘッダー ファイル</Filter>
    </ClInclude>
    <ClInclude Include="..\..\GLVec.hpp">
      <Filter>ヘッダー ファイル</Filter>
    </ClInclude>
    <ClInclude Include="..\..\GLObject.hpp">
      <Filter>ヘッダー ファイル</Filter>
    </ClInclude>
    <ClInclude Include="..\..\GLScene.hpp">
      <Filter>ヘッダー ファイル</Filter>
    </ClInclude>
    <ClInclude Include="..\..\GLInput.hpp">
      <Filter>ヘッダー ファイル</Filter>
    </ClInclude>
    <ClInclude Include="..\..\MyView\_TemplateView.hpp">
      <Filter>ヘッダー ファイル\MyView</Filter>
    </ClInclude>
    <ClInclude Include="..\..\MyView\ConfigView.hpp">
      <Filter>ヘッダー ファイル\MyView</Filter>
    </ClInclude>
    <ClInclude Include="..\..\MyView\InitView.hpp">
      <Filter>ヘッダー ファイル\MyView</Filter>
    </ClInclude>
    <ClInclude Include="..\..\MyView\MainView.hpp">
      <Filter>ヘッダー ファイル\MyView</Filter>
    </ClInclude>
    <ClInclude Include="..\..\MyView\TitleView.hpp">
      <Filter>ヘッダー ファイル\MyView</Filter>
    </ClInclude>
    <ClInclude Include="..\..\GLTimer.hpp">
      <Filter>ヘッダー ファイル</Filter>
    </ClInclude>
    <ClInclude Include="..\..\GameLogic\Player.hpp">
      <Filter>ヘッダー ファイル\GameLogic</Filter>
    </ClInclude>
    <ClInclude Include="..\..\GameLogic\GridMap.hpp">
      <Filter>ヘッダー ファイル\GameLogic</Filter>
    </ClInclude>
    <ClInclude Include="..\..\GameLogic\Menu.hpp">
      <Filter>ヘッダー ファイル\GameLogic</Filter>
    </ClInclude>
    <ClInclude Include="..\..\GameLogic\Physics.hpp">
      <Filter>ヘッダー ファイル\GameLogic</Filter>
    </ClInclude>
    <ClInclude Include="..\..\GameLogic\MessageWindow.hpp">
      <Filter>ヘッダー ファイル\GameLogic</Filter>
    </ClInclude>
  </ItemGroup>
  <ItemGroup>
    <ClCompile Include="..\..\main.cpp">
      <Filter>ソース ファイル</Filter>
    </ClCompile>
  </ItemGroup>
  <ItemGroup>
    <None Include="..\..\README.md">
      <Filter>リソース ファイル</Filter>
    </None>
    <None Include="..\..\.gitignore">
      <Filter>リソース ファイル</Filter>
    </None>
    <None Include="..\..\makefile">
      <Filter>リソース ファイル</Filter>
    </None>
    <None Include="..\..\makefile_linux">
      <Filter>リソース ファイル</Filter>
    </None>
  </ItemGroup>
  <ItemGroup>
    <Image Include="..\..\Resources\sample.bmp">
      <Filter>リソース ファイル\Resources</Filter>
    </Image>
    <Image Include="..\..\Resources\player.bmp">
      <Filter>リソース ファイル\Resources</Filter>
    </Image>
  </ItemGroup>
  <ItemGroup>
    <Text Include="..\..\Shaders\fshader.txt">
      <Filter>リソース ファイル\Shaders</Filter>
    </Text>
    <Text Include="..\..\Shaders\vshader.txt">
      <Filter>リソース ファイル\Shaders</Filter>
    </Text>
    <Text Include="..\..\CMakeLists.txt">
      <Filter>リソース ファイル</Filter>
    </Text>
  </ItemGroup>
</Project>